// !$*UTF8*$!
{
	archiveVersion = 1;
	classes = {
	};
	objectVersion = 50;
	objects = {

/* Begin PBXBuildFile section */
		F20F194226C9D40E003B37E0 /* kimeteApp.swift in Sources */ = {isa = PBXBuildFile; fileRef = F20F194126C9D40E003B37E0 /* kimeteApp.swift */; };
		F20F194426C9D40E003B37E0 /* HomeView.swift in Sources */ = {isa = PBXBuildFile; fileRef = F20F194326C9D40E003B37E0 /* HomeView.swift */; };
		F20F194626C9D410003B37E0 /* Assets.xcassets in Resources */ = {isa = PBXBuildFile; fileRef = F20F194526C9D410003B37E0 /* Assets.xcassets */; };
		F20F194926C9D410003B37E0 /* Preview Assets.xcassets in Resources */ = {isa = PBXBuildFile; fileRef = F20F194826C9D410003B37E0 /* Preview Assets.xcassets */; };
		F20F194B26C9D410003B37E0 /* Persistence.swift in Sources */ = {isa = PBXBuildFile; fileRef = F20F194A26C9D410003B37E0 /* Persistence.swift */; };
		F20F194E26C9D410003B37E0 /* kimete.xcdatamodeld in Sources */ = {isa = PBXBuildFile; fileRef = F20F194C26C9D410003B37E0 /* kimete.xcdatamodeld */; };
		F20F195A26C9D955003B37E0 /* Constant.swift in Sources */ = {isa = PBXBuildFile; fileRef = F20F195926C9D955003B37E0 /* Constant.swift */; };
		F20F196126CB2895003B37E0 /* RouletteView.swift in Sources */ = {isa = PBXBuildFile; fileRef = F20F196026CB2895003B37E0 /* RouletteView.swift */; };
		F20F196326CB28A4003B37E0 /* RandomGridView.swift in Sources */ = {isa = PBXBuildFile; fileRef = F20F196226CB28A4003B37E0 /* RandomGridView.swift */; };
		F20F196526CB2BAD003B37E0 /* SettingsView.swift in Sources */ = {isa = PBXBuildFile; fileRef = F20F196426CB2BAD003B37E0 /* SettingsView.swift */; };
		F20F196726CB2D24003B37E0 /* Color+Extension.swift in Sources */ = {isa = PBXBuildFile; fileRef = F20F196626CB2D24003B37E0 /* Color+Extension.swift */; };
		F20F196926CC7D41003B37E0 /* GroupsView.swift in Sources */ = {isa = PBXBuildFile; fileRef = F20F196826CC7D41003B37E0 /* GroupsView.swift */; };
		F20F196E26CDBFAE003B37E0 /* ItemsView.swift in Sources */ = {isa = PBXBuildFile; fileRef = F20F196D26CDBFAE003B37E0 /* ItemsView.swift */; };
		F20F197026CDCE42003B37E0 /* SettingsLabelView.swift in Sources */ = {isa = PBXBuildFile; fileRef = F20F196F26CDCE42003B37E0 /* SettingsLabelView.swift */; };
		F241338F26CF27D200AF6C32 /* prototypeDesignView.swift in Sources */ = {isa = PBXBuildFile; fileRef = F241338E26CF27D200AF6C32 /* prototypeDesignView.swift */; };
/* End PBXBuildFile section */

/* Begin PBXFileReference section */
		F20F193E26C9D40E003B37E0 /* kimete.app */ = {isa = PBXFileReference; explicitFileType = wrapper.application; includeInIndex = 0; path = kimete.app; sourceTree = BUILT_PRODUCTS_DIR; };
		F20F194126C9D40E003B37E0 /* kimeteApp.swift */ = {isa = PBXFileReference; lastKnownFileType = sourcecode.swift; path = kimeteApp.swift; sourceTree = "<group>"; };
		F20F194326C9D40E003B37E0 /* HomeView.swift */ = {isa = PBXFileReference; lastKnownFileType = sourcecode.swift; path = HomeView.swift; sourceTree = "<group>"; };
		F20F194526C9D410003B37E0 /* Assets.xcassets */ = {isa = PBXFileReference; lastKnownFileType = folder.assetcatalog; path = Assets.xcassets; sourceTree = "<group>"; };
		F20F194826C9D410003B37E0 /* Preview Assets.xcassets */ = {isa = PBXFileReference; lastKnownFileType = folder.assetcatalog; path = "Preview Assets.xcassets"; sourceTree = "<group>"; };
		F20F194A26C9D410003B37E0 /* Persistence.swift */ = {isa = PBXFileReference; lastKnownFileType = sourcecode.swift; path = Persistence.swift; sourceTree = "<group>"; };
		F20F194D26C9D410003B37E0 /* kimete.xcdatamodel */ = {isa = PBXFileReference; lastKnownFileType = wrapper.xcdatamodel; path = kimete.xcdatamodel; sourceTree = "<group>"; };
		F20F194F26C9D410003B37E0 /* Info.plist */ = {isa = PBXFileReference; lastKnownFileType = text.plist.xml; path = Info.plist; sourceTree = "<group>"; };
		F20F195926C9D955003B37E0 /* Constant.swift */ = {isa = PBXFileReference; lastKnownFileType = sourcecode.swift; path = Constant.swift; sourceTree = "<group>"; };
		F20F196026CB2895003B37E0 /* RouletteView.swift */ = {isa = PBXFileReference; lastKnownFileType = sourcecode.swift; path = RouletteView.swift; sourceTree = "<group>"; };
		F20F196226CB28A4003B37E0 /* RandomGridView.swift */ = {isa = PBXFileReference; lastKnownFileType = sourcecode.swift; path = RandomGridView.swift; sourceTree = "<group>"; };
		F20F196426CB2BAD003B37E0 /* SettingsView.swift */ = {isa = PBXFileReference; lastKnownFileType = sourcecode.swift; path = SettingsView.swift; sourceTree = "<group>"; };
		F20F196626CB2D24003B37E0 /* Color+Extension.swift */ = {isa = PBXFileReference; lastKnownFileType = sourcecode.swift; path = "Color+Extension.swift"; sourceTree = "<group>"; };
		F20F196826CC7D41003B37E0 /* GroupsView.swift */ = {isa = PBXFileReference; lastKnownFileType = sourcecode.swift; path = GroupsView.swift; sourceTree = "<group>"; };
		F20F196D26CDBFAE003B37E0 /* ItemsView.swift */ = {isa = PBXFileReference; lastKnownFileType = sourcecode.swift; path = ItemsView.swift; sourceTree = "<group>"; };
		F20F196F26CDCE42003B37E0 /* SettingsLabelView.swift */ = {isa = PBXFileReference; lastKnownFileType = sourcecode.swift; path = SettingsLabelView.swift; sourceTree = "<group>"; };
		F241338E26CF27D200AF6C32 /* prototypeDesignView.swift */ = {isa = PBXFileReference; lastKnownFileType = sourcecode.swift; path = prototypeDesignView.swift; sourceTree = "<group>"; };
/* End PBXFileReference section */

/* Begin PBXFrameworksBuildPhase section */
		F20F193B26C9D40E003B37E0 /* Frameworks */ = {
			isa = PBXFrameworksBuildPhase;
			buildActionMask = 2147483647;
			files = (
			);
			runOnlyForDeploymentPostprocessing = 0;
		};
/* End PBXFrameworksBuildPhase section */

/* Begin PBXGroup section */
		F20F193526C9D40E003B37E0 = {
			isa = PBXGroup;
			children = (
				F20F194026C9D40E003B37E0 /* kimete */,
				F20F193F26C9D40E003B37E0 /* Products */,
			);
			sourceTree = "<group>";
		};
		F20F193F26C9D40E003B37E0 /* Products */ = {
			isa = PBXGroup;
			children = (
				F20F193E26C9D40E003B37E0 /* kimete.app */,
			);
			name = Products;
			sourceTree = "<group>";
		};
		F20F194026C9D40E003B37E0 /* kimete */ = {
			isa = PBXGroup;
			children = (
				F20F194F26C9D410003B37E0 /* Info.plist */,
				F20F194126C9D40E003B37E0 /* kimeteApp.swift */,
				F20F194526C9D410003B37E0 /* Assets.xcassets */,
				F20F195B26C9D9D1003B37E0 /* Utility */,
				F20F195526C9D85B003B37E0 /* Extension */,
				F20F195626C9D865003B37E0 /* Model */,
				F20F194726C9D410003B37E0 /* Preview Content */,
				F20F195826C9D884003B37E0 /* SubView */,
				F20F195726C9D87D003B37E0 /* View */,
			);
			path = kimete;
			sourceTree = "<group>";
		};
		F20F194726C9D410003B37E0 /* Preview Content */ = {
			isa = PBXGroup;
			children = (
				F20F194826C9D410003B37E0 /* Preview Assets.xcassets */,
			);
			path = "Preview Content";
			sourceTree = "<group>";
		};
		F20F195526C9D85B003B37E0 /* Extension */ = {
			isa = PBXGroup;
			children = (
				F20F196626CB2D24003B37E0 /* Color+Extension.swift */,
			);
			path = Extension;
			sourceTree = "<group>";
		};
		F20F195626C9D865003B37E0 /* Model */ = {
			isa = PBXGroup;
			children = (
				F20F194C26C9D410003B37E0 /* kimete.xcdatamodeld */,
				F20F194A26C9D410003B37E0 /* Persistence.swift */,
			);
			path = Model;
			sourceTree = "<group>";
		};
		F20F195726C9D87D003B37E0 /* View */ = {
			isa = PBXGroup;
			children = (
				F20F194326C9D40E003B37E0 /* HomeView.swift */,
				F20F196026CB2895003B37E0 /* RouletteView.swift */,
				F20F196226CB28A4003B37E0 /* RandomGridView.swift */,
				F20F196426CB2BAD003B37E0 /* SettingsView.swift */,
				F20F196826CC7D41003B37E0 /* GroupsView.swift */,
				F20F196D26CDBFAE003B37E0 /* ItemsView.swift */,
				F241338E26CF27D200AF6C32 /* prototypeDesignView.swift */,
			);
			path = View;
			sourceTree = "<group>";
		};
		F20F195826C9D884003B37E0 /* SubView */ = {
			isa = PBXGroup;
			children = (
				F20F196F26CDCE42003B37E0 /* SettingsLabelView.swift */,
			);
			path = SubView;
			sourceTree = "<group>";
		};
		F20F195B26C9D9D1003B37E0 /* Utility */ = {
			isa = PBXGroup;
			children = (
				F20F195926C9D955003B37E0 /* Constant.swift */,
			);
			path = Utility;
			sourceTree = "<group>";
		};
/* End PBXGroup section */

/* Begin PBXNativeTarget section */
		F20F193D26C9D40E003B37E0 /* kimete */ = {
			isa = PBXNativeTarget;
			buildConfigurationList = F20F195226C9D410003B37E0 /* Build configuration list for PBXNativeTarget "kimete" */;
			buildPhases = (
				F20F193A26C9D40E003B37E0 /* Sources */,
				F20F193B26C9D40E003B37E0 /* Frameworks */,
				F20F193C26C9D40E003B37E0 /* Resources */,
			);
			buildRules = (
			);
			dependencies = (
			);
			name = kimete;
			productName = kimete;
			productReference = F20F193E26C9D40E003B37E0 /* kimete.app */;
			productType = "com.apple.product-type.application";
		};
/* End PBXNativeTarget section */

/* Begin PBXProject section */
		F20F193626C9D40E003B37E0 /* Project object */ = {
			isa = PBXProject;
			attributes = {
				LastSwiftUpdateCheck = 1250;
				LastUpgradeCheck = 1250;
				TargetAttributes = {
					F20F193D26C9D40E003B37E0 = {
						CreatedOnToolsVersion = 12.5.1;
					};
				};
			};
			buildConfigurationList = F20F193926C9D40E003B37E0 /* Build configuration list for PBXProject "kimete" */;
			compatibilityVersion = "Xcode 9.3";
			developmentRegion = en;
			hasScannedForEncodings = 0;
			knownRegions = (
				en,
				Base,
			);
			mainGroup = F20F193526C9D40E003B37E0;
			productRefGroup = F20F193F26C9D40E003B37E0 /* Products */;
			projectDirPath = "";
			projectRoot = "";
			targets = (
				F20F193D26C9D40E003B37E0 /* kimete */,
			);
		};
/* End PBXProject section */

/* Begin PBXResourcesBuildPhase section */
		F20F193C26C9D40E003B37E0 /* Resources */ = {
			isa = PBXResourcesBuildPhase;
			buildActionMask = 2147483647;
			files = (
				F20F194926C9D410003B37E0 /* Preview Assets.xcassets in Resources */,
				F20F194626C9D410003B37E0 /* Assets.xcassets in Resources */,
			);
			runOnlyForDeploymentPostprocessing = 0;
		};
/* End PBXResourcesBuildPhase section */

/* Begin PBXSourcesBuildPhase section */
		F20F193A26C9D40E003B37E0 /* Sources */ = {
			isa = PBXSourcesBuildPhase;
			buildActionMask = 2147483647;
			files = (
				F241338F26CF27D200AF6C32 /* prototypeDesignView.swift in Sources */,
				F20F195A26C9D955003B37E0 /* Constant.swift in Sources */,
				F20F196526CB2BAD003B37E0 /* SettingsView.swift in Sources */,
				F20F194B26C9D410003B37E0 /* Persistence.swift in Sources */,
				F20F196E26CDBFAE003B37E0 /* ItemsView.swift in Sources */,
				F20F194426C9D40E003B37E0 /* HomeView.swift in Sources */,
				F20F196926CC7D41003B37E0 /* GroupsView.swift in Sources */,
				F20F197026CDCE42003B37E0 /* SettingsLabelView.swift in Sources */,
				F20F194E26C9D410003B37E0 /* kimete.xcdatamodeld in Sources */,
				F20F196126CB2895003B37E0 /* RouletteView.swift in Sources */,
				F20F196326CB28A4003B37E0 /* RandomGridView.swift in Sources */,
				F20F196726CB2D24003B37E0 /* Color+Extension.swift in Sources */,
				F20F194226C9D40E003B37E0 /* kimeteApp.swift in Sources */,
			);
			runOnlyForDeploymentPostprocessing = 0;
		};
/* End PBXSourcesBuildPhase section */

/* Begin XCBuildConfiguration section */
		F20F195026C9D410003B37E0 /* Debug */ = {
			isa = XCBuildConfiguration;
			buildSettings = {
				ALWAYS_SEARCH_USER_PATHS = NO;
				CLANG_ANALYZER_NONNULL = YES;
				CLANG_ANALYZER_NUMBER_OBJECT_CONVERSION = YES_AGGRESSIVE;
				CLANG_CXX_LANGUAGE_STANDARD = "gnu++14";
				CLANG_CXX_LIBRARY = "libc++";
				CLANG_ENABLE_MODULES = YES;
				CLANG_ENABLE_OBJC_ARC = YES;
				CLANG_ENABLE_OBJC_WEAK = YES;
				CLANG_WARN_BLOCK_CAPTURE_AUTORELEASING = YES;
				CLANG_WARN_BOOL_CONVERSION = YES;
				CLANG_WARN_COMMA = YES;
				CLANG_WARN_CONSTANT_CONVERSION = YES;
				CLANG_WARN_DEPRECATED_OBJC_IMPLEMENTATIONS = YES;
				CLANG_WARN_DIRECT_OBJC_ISA_USAGE = YES_ERROR;
				CLANG_WARN_DOCUMENTATION_COMMENTS = YES;
				CLANG_WARN_EMPTY_BODY = YES;
				CLANG_WARN_ENUM_CONVERSION = YES;
				CLANG_WARN_INFINITE_RECURSION = YES;
				CLANG_WARN_INT_CONVERSION = YES;
				CLANG_WARN_NON_LITERAL_NULL_CONVERSION = YES;
				CLANG_WARN_OBJC_IMPLICIT_RETAIN_SELF = YES;
				CLANG_WARN_OBJC_LITERAL_CONVERSION = YES;
				CLANG_WARN_OBJC_ROOT_CLASS = YES_ERROR;
				CLANG_WARN_QUOTED_INCLUDE_IN_FRAMEWORK_HEADER = YES;
				CLANG_WARN_RANGE_LOOP_ANALYSIS = YES;
				CLANG_WARN_STRICT_PROTOTYPES = YES;
				CLANG_WARN_SUSPICIOUS_MOVE = YES;
				CLANG_WARN_UNGUARDED_AVAILABILITY = YES_AGGRESSIVE;
				CLANG_WARN_UNREACHABLE_CODE = YES;
				CLANG_WARN__DUPLICATE_METHOD_MATCH = YES;
				COPY_PHASE_STRIP = NO;
				DEBUG_INFORMATION_FORMAT = dwarf;
				ENABLE_STRICT_OBJC_MSGSEND = YES;
				ENABLE_TESTABILITY = YES;
				GCC_C_LANGUAGE_STANDARD = gnu11;
				GCC_DYNAMIC_NO_PIC = NO;
				GCC_NO_COMMON_BLOCKS = YES;
				GCC_OPTIMIZATION_LEVEL = 0;
				GCC_PREPROCESSOR_DEFINITIONS = (
					"DEBUG=1",
					"$(inherited)",
				);
				GCC_WARN_64_TO_32_BIT_CONVERSION = YES;
				GCC_WARN_ABOUT_RETURN_TYPE = YES_ERROR;
				GCC_WARN_UNDECLARED_SELECTOR = YES;
				GCC_WARN_UNINITIALIZED_AUTOS = YES_AGGRESSIVE;
				GCC_WARN_UNUSED_FUNCTION = YES;
				GCC_WARN_UNUSED_VARIABLE = YES;
				IPHONEOS_DEPLOYMENT_TARGET = 14.5;
				MTL_ENABLE_DEBUG_INFO = INCLUDE_SOURCE;
				MTL_FAST_MATH = YES;
				ONLY_ACTIVE_ARCH = YES;
				SDKROOT = iphoneos;
				SWIFT_ACTIVE_COMPILATION_CONDITIONS = DEBUG;
				SWIFT_OPTIMIZATION_LEVEL = "-Onone";
			};
			name = Debug;
		};
		F20F195126C9D410003B37E0 /* Release */ = {
			isa = XCBuildConfiguration;
			buildSettings = {
				ALWAYS_SEARCH_USER_PATHS = NO;
				CLANG_ANALYZER_NONNULL = YES;
				CLANG_ANALYZER_NUMBER_OBJECT_CONVERSION = YES_AGGRESSIVE;
				CLANG_CXX_LANGUAGE_STANDARD = "gnu++14";
				CLANG_CXX_LIBRARY = "libc++";
				CLANG_ENABLE_MODULES = YES;
				CLANG_ENABLE_OBJC_ARC = YES;
				CLANG_ENABLE_OBJC_WEAK = YES;
				CLANG_WARN_BLOCK_CAPTURE_AUTORELEASING = YES;
				CLANG_WARN_BOOL_CONVERSION = YES;
				CLANG_WARN_COMMA = YES;
				CLANG_WARN_CONSTANT_CONVERSION = YES;
				CLANG_WARN_DEPRECATED_OBJC_IMPLEMENTATIONS = YES;
				CLANG_WARN_DIRECT_OBJC_ISA_USAGE = YES_ERROR;
				CLANG_WARN_DOCUMENTATION_COMMENTS = YES;
				CLANG_WARN_EMPTY_BODY = YES;
				CLANG_WARN_ENUM_CONVERSION = YES;
				CLANG_WARN_INFINITE_RECURSION = YES;
				CLANG_WARN_INT_CONVERSION = YES;
				CLANG_WARN_NON_LITERAL_NULL_CONVERSION = YES;
				CLANG_WARN_OBJC_IMPLICIT_RETAIN_SELF = YES;
				CLANG_WARN_OBJC_LITERAL_CONVERSION = YES;
				CLANG_WARN_OBJC_ROOT_CLASS = YES_ERROR;
				CLANG_WARN_QUOTED_INCLUDE_IN_FRAMEWORK_HEADER = YES;
				CLANG_WARN_RANGE_LOOP_ANALYSIS = YES;
				CLANG_WARN_STRICT_PROTOTYPES = YES;
				CLANG_WARN_SUSPICIOUS_MOVE = YES;
				CLANG_WARN_UNGUARDED_AVAILABILITY = YES_AGGRESSIVE;
				CLANG_WARN_UNREACHABLE_CODE = YES;
				CLANG_WARN__DUPLICATE_METHOD_MATCH = YES;
				COPY_PHASE_STRIP = NO;
				DEBUG_INFORMATION_FORMAT = "dwarf-with-dsym";
				ENABLE_NS_ASSERTIONS = NO;
				ENABLE_STRICT_OBJC_MSGSEND = YES;
				GCC_C_LANGUAGE_STANDARD = gnu11;
				GCC_NO_COMMON_BLOCKS = YES;
				GCC_WARN_64_TO_32_BIT_CONVERSION = YES;
				GCC_WARN_ABOUT_RETURN_TYPE = YES_ERROR;
				GCC_WARN_UNDECLARED_SELECTOR = YES;
				GCC_WARN_UNINITIALIZED_AUTOS = YES_AGGRESSIVE;
				GCC_WARN_UNUSED_FUNCTION = YES;
				GCC_WARN_UNUSED_VARIABLE = YES;
				IPHONEOS_DEPLOYMENT_TARGET = 14.5;
				MTL_ENABLE_DEBUG_INFO = NO;
				MTL_FAST_MATH = YES;
				SDKROOT = iphoneos;
				SWIFT_COMPILATION_MODE = wholemodule;
				SWIFT_OPTIMIZATION_LEVEL = "-O";
				VALIDATE_PRODUCT = YES;
			};
			name = Release;
		};
		F20F195326C9D410003B37E0 /* Debug */ = {
			isa = XCBuildConfiguration;
			buildSettings = {
				ASSETCATALOG_COMPILER_APPICON_NAME = AppIcon;
				ASSETCATALOG_COMPILER_GLOBAL_ACCENT_COLOR_NAME = AccentColor;
				CODE_SIGN_STYLE = Automatic;
				DEVELOPMENT_ASSET_PATHS = "\"kimete/Preview Content\"";
				DEVELOPMENT_TEAM = 69MAR4S32D;
				ENABLE_PREVIEWS = YES;
				INFOPLIST_FILE = kimete/Info.plist;
				IPHONEOS_DEPLOYMENT_TARGET = 14.0;
				LD_RUNPATH_SEARCH_PATHS = (
					"$(inherited)",
					"@executable_path/Frameworks",
				);
				PRODUCT_BUNDLE_IDENTIFIER = com.TaishiKusunose.kimete;
				PRODUCT_NAME = "$(TARGET_NAME)";
				SWIFT_VERSION = 5.0;
				TARGETED_DEVICE_FAMILY = "1,2";
			};
			name = Debug;
		};
		F20F195426C9D410003B37E0 /* Release */ = {
			isa = XCBuildConfiguration;
			buildSettings = {
				ASSETCATALOG_COMPILER_APPICON_NAME = AppIcon;
				ASSETCATALOG_COMPILER_GLOBAL_ACCENT_COLOR_NAME = AccentColor;
				CODE_SIGN_STYLE = Automatic;
				DEVELOPMENT_ASSET_PATHS = "\"kimete/Preview Content\"";
				DEVELOPMENT_TEAM = 69MAR4S32D;
				ENABLE_PREVIEWS = YES;
				INFOPLIST_FILE = kimete/Info.plist;
				IPHONEOS_DEPLOYMENT_TARGET = 14.0;
				LD_RUNPATH_SEARCH_PATHS = (
					"$(inherited)",
					"@executable_path/Frameworks",
				);
				PRODUCT_BUNDLE_IDENTIFIER = com.TaishiKusunose.kimete;
				PRODUCT_NAME = "$(TARGET_NAME)";
				SWIFT_VERSION = 5.0;
				TARGETED_DEVICE_FAMILY = "1,2";
			};
			name = Release;
		};
/* End XCBuildConfiguration section */

/* Begin XCConfigurationList section */
		F20F193926C9D40E003B37E0 /* Build configuration list for PBXProject "kimete" */ = {
			isa = XCConfigurationList;
			buildConfigurations = (
				F20F195026C9D410003B37E0 /* Debug */,
				F20F195126C9D410003B37E0 /* Release */,
			);
			defaultConfigurationIsVisible = 0;
			defaultConfigurationName = Release;
		};
		F20F195226C9D410003B37E0 /* Build configuration list for PBXNativeTarget "kimete" */ = {
			isa = XCConfigurationList;
			buildConfigurations = (
				F20F195326C9D410003B37E0 /* Debug */,
				F20F195426C9D410003B37E0 /* Release */,
			);
			defaultConfigurationIsVisible = 0;
			defaultConfigurationName = Release;
		};
/* End XCConfigurationList section */

/* Begin XCVersionGroup section */
		F20F194C26C9D410003B37E0 /* kimete.xcdatamodeld */ = {
			isa = XCVersionGroup;
			children = (
				F20F194D26C9D410003B37E0 /* kimete.xcdatamodel */,
			);
			currentVersion = F20F194D26C9D410003B37E0 /* kimete.xcdatamodel */;
			path = kimete.xcdatamodeld;
			sourceTree = "<group>";
			versionGroupType = wrapper.xcdatamodel;
		};
/* End XCVersionGroup section */
	};
	rootObject = F20F193626C9D40E003B37E0 /* Project object */;
}
